
Microsoft Visual Studio Solution File, Format Version 12.00
# Visual Studio 15
VisualStudioVersion = 15.0.28307.329
MinimumVisualStudioVersion = 10.0.40219.1
Project("{9A19103F-16F7-4668-BE54-9A1E7A4F7556}") = "DisukuBot", "DisukuBot\DisukuBot.csproj", "{2AF52E26-5B88-47E5-A846-087B83C67AE8}"
EndProject
Project("{FAE04EC0-301F-11D3-BF4B-00C04F79EFBC}") = "DisukuConsoleApp", "DisukuConsoleApp\DisukuConsoleApp.csproj", "{D58CEFFC-569A-4141-A15C-140F793EE6E3}"
EndProject
Project("{FAE04EC0-301F-11D3-BF4B-00C04F79EFBC}") = "DisukuData", "DisukuData\DisukuData.csproj", "{A1E71A94-17F0-4267-B3A6-C45F97FC4727}"
EndProject
Global
	GlobalSection(SolutionConfigurationPlatforms) = preSolution
		Debug|Any CPU = Debug|Any CPU
		Release|Any CPU = Release|Any CPU
	EndGlobalSection
	GlobalSection(ProjectConfigurationPlatforms) = postSolution
		{2AF52E26-5B88-47E5-A846-087B83C67AE8}.Debug|Any CPU.ActiveCfg = Debug|Any CPU
		{2AF52E26-5B88-47E5-A846-087B83C67AE8}.Debug|Any CPU.Build.0 = Debug|Any CPU
		{2AF52E26-5B88-47E5-A846-087B83C67AE8}.Release|Any CPU.ActiveCfg = Release|Any CPU
		{2AF52E26-5B88-47E5-A846-087B83C67AE8}.Release|Any CPU.Build.0 = Release|Any CPU
		{D58CEFFC-569A-4141-A15C-140F793EE6E3}.Debug|Any CPU.ActiveCfg = Debug|Any CPU
		{D58CEFFC-569A-4141-A15C-140F793EE6E3}.Debug|Any CPU.Build.0 = Debug|Any CPU
		{D58CEFFC-569A-4141-A15C-140F793EE6E3}.Release|Any CPU.ActiveCfg = Release|Any CPU
		{D58CEFFC-569A-4141-A15C-140F793EE6E3}.Release|Any CPU.Build.0 = Release|Any CPU
		{A1E71A94-17F0-4267-B3A6-C45F97FC4727}.Debug|Any CPU.ActiveCfg = Debug|Any CPU
		{A1E71A94-17F0-4267-B3A6-C45F97FC4727}.Debug|Any CPU.Build.0 = Debug|Any CPU
		{A1E71A94-17F0-4267-B3A6-C45F97FC4727}.Release|Any CPU.ActiveCfg = Release|Any CPU
		{A1E71A94-17F0-4267-B3A6-C45F97FC4727}.Release|Any CPU.Build.0 = Release|Any CPU
	EndGlobalSection
	GlobalSection(SolutionProperties) = preSolution
		HideSolutionNode = FALSE
	EndGlobalSection
	GlobalSection(ExtensibilityGlobals) = postSolution
		SolutionGuid = {6AF944EC-199D-4240-950A-E7D850E0F7FE}
	EndGlobalSection
EndGlobal
